
Microsoft Visual Studio Solution File, Format Version 12.00
# Visual Studio Version 17
VisualStudioVersion = 17.13.35913.81 d17.13
MinimumVisualStudioVersion = 10.0.40219.1
Project("{FAE04EC0-301F-11D3-BF4B-00C04F79EFBC}") = "Turma_CSharp", "Turma_CSharp\Turma_CSharp.csproj", "{E584A525-9354-43EB-B2A8-A75C9035DA89}"
EndProject
Global
	GlobalSection(SolutionConfigurationPlatforms) = preSolution
		Debug|Any CPU = Debug|Any CPU
		Release|Any CPU = Release|Any CPU
	EndGlobalSection
	GlobalSection(ProjectConfigurationPlatforms) = postSolution
		{E584A525-9354-43EB-B2A8-A75C9035DA89}.Debug|Any CPU.ActiveCfg = Debug|Any CPU
		{E584A525-9354-43EB-B2A8-A75C9035DA89}.Debug|Any CPU.Build.0 = Debug|Any CPU
		{E584A525-9354-43EB-B2A8-A75C9035DA89}.Release|Any CPU.ActiveCfg = Release|Any CPU
		{E584A525-9354-43EB-B2A8-A75C9035DA89}.Release|Any CPU.Build.0 = Release|Any CPU
	EndGlobalSection
	GlobalSection(SolutionProperties) = preSolution
		HideSolutionNode = FALSE
	EndGlobalSection
	GlobalSection(ExtensibilityGlobals) = postSolution
		SolutionGuid = {310CA8B7-C2D7-4352-994F-A5D7E8F868FD}
	EndGlobalSection
EndGlobal
